
Microsoft Visual Studio Solution File, Format Version 12.00
# Visual Studio Version 17
VisualStudioVersion = 17.9.34607.119
MinimumVisualStudioVersion = 10.0.40219.1
Project("{FAE04EC0-301F-11D3-BF4B-00C04F79EFBC}") = "TodoList.WebApi", "TodoList.WebApi\TodoList.WebApi.csproj", "{E72FF6A0-CF60-4A13-A9DF-EC9639252E9B}"
EndProject
Project("{FAE04EC0-301F-11D3-BF4B-00C04F79EFBC}") = "TodoList.Domain", "TodoList.Domain\TodoList.Domain.csproj", "{37674257-93AA-457B-B975-D84CB4EE562A}"
EndProject
Project("{FAE04EC0-301F-11D3-BF4B-00C04F79EFBC}") = "TodoList.Application", "TodoList.Application\TodoList.Application.csproj", "{A407CC69-0BCC-4E7D-B497-47F7D3DB5296}"
EndProject
Project("{FAE04EC0-301F-11D3-BF4B-00C04F79EFBC}") = "TodoList.Infrastructure", "TodoList.Infrastructure\TodoList.Infrastructure.csproj", "{E4248AAB-D21F-4D00-8044-49FF232AB58C}"
EndProject
Project("{2150E333-8FDC-42A3-9474-1A3956D46DE8}") = "Tests", "Tests", "{F33E09D8-1D86-47B4-9C1D-21A54306911C}"
EndProject
Project("{FAE04EC0-301F-11D3-BF4B-00C04F79EFBC}") = "TodoList.WebApi.Tests", "Tests\TodoList.WebApi.Tests\TodoList.WebApi.Tests.csproj", "{5C3A7D97-3385-43B2-AA0E-04C716AC29DE}"
EndProject
Project("{FAE04EC0-301F-11D3-BF4B-00C04F79EFBC}") = "TodoList.Application.Tests", "Tests\TodoList.Application.Tests\TodoList.Application.Tests.csproj", "{F5DCC509-1C9B-4E10-B521-06AE174C2211}"
EndProject
Project("{FAE04EC0-301F-11D3-BF4B-00C04F79EFBC}") = "TodoList.Infrastructure.Tests", "Tests\TodoList.Infrastructure.Tests\TodoList.Infrastructure.Tests.csproj", "{CB9DBDBA-7CA9-423D-95DC-013E7FD867D5}"
EndProject
Global
	GlobalSection(SolutionConfigurationPlatforms) = preSolution
		Debug|Any CPU = Debug|Any CPU
		Release|Any CPU = Release|Any CPU
	EndGlobalSection
	GlobalSection(ProjectConfigurationPlatforms) = postSolution
		{E72FF6A0-CF60-4A13-A9DF-EC9639252E9B}.Debug|Any CPU.ActiveCfg = Debug|Any CPU
		{E72FF6A0-CF60-4A13-A9DF-EC9639252E9B}.Debug|Any CPU.Build.0 = Debug|Any CPU
		{E72FF6A0-CF60-4A13-A9DF-EC9639252E9B}.Release|Any CPU.ActiveCfg = Release|Any CPU
		{E72FF6A0-CF60-4A13-A9DF-EC9639252E9B}.Release|Any CPU.Build.0 = Release|Any CPU
		{37674257-93AA-457B-B975-D84CB4EE562A}.Debug|Any CPU.ActiveCfg = Debug|Any CPU
		{37674257-93AA-457B-B975-D84CB4EE562A}.Debug|Any CPU.Build.0 = Debug|Any CPU
		{37674257-93AA-457B-B975-D84CB4EE562A}.Release|Any CPU.ActiveCfg = Release|Any CPU
		{37674257-93AA-457B-B975-D84CB4EE562A}.Release|Any CPU.Build.0 = Release|Any CPU
		{A407CC69-0BCC-4E7D-B497-47F7D3DB5296}.Debug|Any CPU.ActiveCfg = Debug|Any CPU
		{A407CC69-0BCC-4E7D-B497-47F7D3DB5296}.Debug|Any CPU.Build.0 = Debug|Any CPU
		{A407CC69-0BCC-4E7D-B497-47F7D3DB5296}.Release|Any CPU.ActiveCfg = Release|Any CPU
		{A407CC69-0BCC-4E7D-B497-47F7D3DB5296}.Release|Any CPU.Build.0 = Release|Any CPU
		{E4248AAB-D21F-4D00-8044-49FF232AB58C}.Debug|Any CPU.ActiveCfg = Debug|Any CPU
		{E4248AAB-D21F-4D00-8044-49FF232AB58C}.Debug|Any CPU.Build.0 = Debug|Any CPU
		{E4248AAB-D21F-4D00-8044-49FF232AB58C}.Release|Any CPU.ActiveCfg = Release|Any CPU
		{E4248AAB-D21F-4D00-8044-49FF232AB58C}.Release|Any CPU.Build.0 = Release|Any CPU
		{5C3A7D97-3385-43B2-AA0E-04C716AC29DE}.Debug|Any CPU.ActiveCfg = Debug|Any CPU
		{5C3A7D97-3385-43B2-AA0E-04C716AC29DE}.Debug|Any CPU.Build.0 = Debug|Any CPU
		{5C3A7D97-3385-43B2-AA0E-04C716AC29DE}.Release|Any CPU.ActiveCfg = Release|Any CPU
		{5C3A7D97-3385-43B2-AA0E-04C716AC29DE}.Release|Any CPU.Build.0 = Release|Any CPU
		{F5DCC509-1C9B-4E10-B521-06AE174C2211}.Debug|Any CPU.ActiveCfg = Debug|Any CPU
		{F5DCC509-1C9B-4E10-B521-06AE174C2211}.Debug|Any CPU.Build.0 = Debug|Any CPU
		{F5DCC509-1C9B-4E10-B521-06AE174C2211}.Release|Any CPU.ActiveCfg = Release|Any CPU
		{F5DCC509-1C9B-4E10-B521-06AE174C2211}.Release|Any CPU.Build.0 = Release|Any CPU
		{CB9DBDBA-7CA9-423D-95DC-013E7FD867D5}.Debug|Any CPU.ActiveCfg = Debug|Any CPU
		{CB9DBDBA-7CA9-423D-95DC-013E7FD867D5}.Debug|Any CPU.Build.0 = Debug|Any CPU
		{CB9DBDBA-7CA9-423D-95DC-013E7FD867D5}.Release|Any CPU.ActiveCfg = Release|Any CPU
		{CB9DBDBA-7CA9-423D-95DC-013E7FD867D5}.Release|Any CPU.Build.0 = Release|Any CPU
	EndGlobalSection
	GlobalSection(SolutionProperties) = preSolution
		HideSolutionNode = FALSE
	EndGlobalSection
	GlobalSection(NestedProjects) = preSolution
		{5C3A7D97-3385-43B2-AA0E-04C716AC29DE} = {F33E09D8-1D86-47B4-9C1D-21A54306911C}
		{F5DCC509-1C9B-4E10-B521-06AE174C2211} = {F33E09D8-1D86-47B4-9C1D-21A54306911C}
		{CB9DBDBA-7CA9-423D-95DC-013E7FD867D5} = {F33E09D8-1D86-47B4-9C1D-21A54306911C}
	EndGlobalSection
	GlobalSection(ExtensibilityGlobals) = postSolution
		SolutionGuid = {4C4170E7-1F03-4B8E-A3E2-5148393EBED7}
	EndGlobalSection
EndGlobal
